{
  "name": "wildbeast",
  "version": "1.0.0",
  "lockfileVersion": 3,
  "requires": true,
  "packages": {
    "": {
      "name": "wildbeast",
      "version": "1.0.0",
      "license": "ISC",
      "devDependencies": {
        "lightningcss-cli": "^1.31.1"
      }
    },
    "node_modules/detect-libc": {
      "version": "2.1.2",
      "resolved": "https://registry.npmjs.org/detect-libc/-/detect-libc-2.1.2.tgz",
      "integrity": "sha512-Btj2BOOO83o3WyH59e8MgXsxEQVcarkUOpEYrubB0urwnN10yQ364rsiByU11nZlqWYZm05i/of7io4mzihBtQ==",
      "dev": true,
      "license": "Apache-2.0",
      "engines": {
        "node": ">=8"
      }
    },
    "node_modules/lightningcss-cli": {
      "version": "1.31.1",
      "resolved": "https://registry.npmjs.org/lightningcss-cli/-/lightningcss-cli-1.31.1.tgz",
      "integrity": "sha512-RPaBnXyAW4dSNbhw/wrErQI3Kizn9tDu9zlRX+PoUC8l9uYXfdQeca9gc7ud8QvAou8AnepqmSgp0kH+hIF0hQ==",
      "dev": true,
      "hasInstallScript": true,
      "license": "MPL-2.0",
      "dependencies": {
        "detect-libc": "^2.0.3"
      },
      "bin": {
        "lightningcss": "lightningcss"
      },
      "engines": {
        "node": ">= 12.0.0"
      },
      "funding": {
        "type": "opencollective",
        "url": "https://opencollective.com/parcel"
      },
      "optionalDependencies": {
        "lightningcss-cli-android-arm64": "1.31.1",
        "lightningcss-cli-darwin-arm64": "1.31.1",
        "lightningcss-cli-darwin-x64": "1.31.1",
        "lightningcss-cli-freebsd-x64": "1.31.1",
        "lightningcss-cli-linux-arm-gnueabihf": "1.31.1",
        "lightningcss-cli-linux-arm64-gnu": "1.31.1",
        "lightningcss-cli-linux-arm64-musl": "1.31.1",
        "lightningcss-cli-linux-x64-gnu": "1.31.1",
        "lightningcss-cli-linux-x64-musl": "1.31.1",
        "lightningcss-cli-win32-arm64-msvc": "1.31.1",
        "lightningcss-cli-win32-x64-msvc": "1.31.1"
      }
    },
    "node_modules/lightningcss-cli-android-arm64": {
      "version": "1.31.1",
      "resolved": "https://registry.npmjs.org/lightningcss-cli-android-arm64/-/lightningcss-cli-android-arm64-1.31.1.tgz",
      "integrity": "sha512-Zcy4xfNcmavuwdf+/OYy6GJFLSD5EMtliPRiYhqzif3ACJlkGSaCj3hF5/u6SjnCzr1Unr/LKmetzBlG8QLg0w==",
      "cpu": [
        "arm64"
      ],
      "dev": true,
      "license": "MPL-2.0",
      "optional": true,
      "os": [
        "android"
      ],
      "engines": {
        "node": ">= 12.0.0"
      },
      "funding": {
        "type": "opencollective",
        "url": "https://opencollective.com/parcel"
      }
    },
    "node_modules/lightningcss-cli-darwin-arm64": {
      "version": "1.31.1",
      "resolved": "https://registry.npmjs.org/lightningcss-cli-darwin-arm64/-/lightningcss-cli-darwin-arm64-1.31.1.tgz",
      "integrity": "sha512-PM9U3fcZOxnvlBlpiNplh/tgJ3fHEBkg1Lp0yHEXZ3P5g0kyaaWfFPH9l9Br3ejLr3rLsvUR6JL3zQiuy/pF6w==",
      "cpu": [
        "arm64"
      ],
      "dev": true,
      "license": "MPL-2.0",
      "optional": true,
      "os": [
        "darwin"
      ],
      "engines": {
        "node": ">= 12.0.0"
      },
      "funding": {
        "type": "opencollective",
        "url": "https://opencollective.com/parcel"
      }
    },
    "node_modules/lightningcss-cli-darwin-x64": {
      "version": "1.31.1",
      "resolved": "https://registry.npmjs.org/lightningcss-cli-darwin-x64/-/lightningcss-cli-darwin-x64-1.31.1.tgz",
      "integrity": "sha512-RJPNiU+gOlHtVFtOjcWY2R71jkS5mC91T2g7AYxx44RqlaC72qXrZBYInWYI7Y4wwzEtNrGS593xKmtHNi4kpA==",
      "cpu": [
        "x64"
      ],
      "dev": true,
      "license": "MPL-2.0",
      "optional": true,
      "os": [
        "darwin"
      ],
      "engines": {
        "node": ">= 12.0.0"
      },
      "funding": {
        "type": "opencollective",
        "url": "https://opencollective.com/parcel"
      }
    },
    "node_modules/lightningcss-cli-freebsd-x64": {
      "version": "1.31.1",
      "resolved": "https://registry.npmjs.org/lightningcss-cli-freebsd-x64/-/lightningcss-cli-freebsd-x64-1.31.1.tgz",
      "integrity": "sha512-ofUzhxh9tF9zNccwh3jWRmPG2X5NJB/EZbWAYIzWiv/+QZy4++xt9sncv2KAGDan7HuLEwy1C3/T0Hv370P90w==",
      "cpu": [
        "x64"
      ],
      "dev": true,
      "license": "MPL-2.0",
      "optional": true,
      "os": [
        "freebsd"
      ],
      "engines": {
        "node": ">= 12.0.0"
      },
      "funding": {
        "type": "opencollective",
        "url": "https://opencollective.com/parcel"
      }
    },
    "node_modules/lightningcss-cli-linux-arm-gnueabihf": {
      "version": "1.31.1",
      "resolved": "https://registry.npmjs.org/lightningcss-cli-linux-arm-gnueabihf/-/lightningcss-cli-linux-arm-gnueabihf-1.31.1.tgz",
      "integrity": "sha512-Q204c6nl6RbptCKnK7kQ9PgpW25TKrCNGrAnJ/6zV5mNSevlqqgq4+YBFLIcfl5Pwt4PcasJdk5mHs7hP1nvlg==",
      "cpu": [
        "arm"
      ],
      "dev": true,
      "license": "MPL-2.0",
      "optional": true,
      "os": [
        "linux"
      ],
      "engines": {
        "node": ">= 12.0.0"
      },
      "funding": {
        "type": "opencollective",
        "url": "https://opencollective.com/parcel"
      }
    },
    "node_modules/lightningcss-cli-linux-arm64-gnu": {
      "version": "1.31.1",
      "resolved": "https://registry.npmjs.org/lightningcss-cli-linux-arm64-gnu/-/lightningcss-cli-linux-arm64-gnu-1.31.1.tgz",
      "integrity": "sha512-/87G5NR8p+CLZIvZYt3c9h4jtDSpfhm6JAdF084LRalxOOD1mS506rlcB+nFWCyqnx6hlKGsq+OaDZ+kwHR2/g==",
      "cpu": [
        "arm64"
      ],
      "dev": true,
      "license": "MPL-2.0",
      "optional": true,
      "os": [
        "linux"
      ],
      "engines": {
        "node": ">= 12.0.0"
      },
      "funding": {
        "type": "opencollective",
        "url": "https://opencollective.com/parcel"
      }
    },
    "node_modules/lightningcss-cli-linux-arm64-musl": {
      "version": "1.31.1",
      "resolved": "https://registry.npmjs.org/lightningcss-cli-linux-arm64-musl/-/lightningcss-cli-linux-arm64-musl-1.31.1.tgz",
      "integrity": "sha512-o+fRZtX4iFkTMhSXHzWYkLuCdd8ofKwlRWf8srb/xCq6ir74DZ+S+U3TKuJX0PO/qf+7wnFTMVjUUt/u+wKn6Q==",
      "cpu": [
        "arm64"
      ],
      "dev": true,
      "license": "MPL-2.0",
      "optional": true,
      "os": [
        "linux"
      ],
      "engines": {
        "node": ">= 12.0.0"
      },
      "funding": {
        "type": "opencollective",
        "url": "https://opencollective.com/parcel"
      }
    },
    "node_modules/lightningcss-cli-linux-x64-gnu": {
      "version": "1.31.1",
      "resolved": "https://registry.npmjs.org/lightningcss-cli-linux-x64-gnu/-/lightningcss-cli-linux-x64-gnu-1.31.1.tgz",
      "integrity": "sha512-ODSKAllCrnNEtKPadEr96u8Ch2XJLiB7mLWu6q5dpUNqW0MUNNyGm5cL2boZXTWZea40W9Ga3kg7xOF6Nekeig==",
      "cpu": [
        "x64"
      ],
      "dev": true,
      "license": "MPL-2.0",
      "optional": true,
      "os": [
        "linux"
      ],
      "engines": {
        "node": ">= 12.0.0"
      },
      "funding": {
        "type": "opencollective",
        "url": "https://opencollective.com/parcel"
      }
    },
    "node_modules/lightningcss-cli-linux-x64-musl": {
      "version": "1.31.1",
      "resolved": "https://registry.npmjs.org/lightningcss-cli-linux-x64-musl/-/lightningcss-cli-linux-x64-musl-1.31.1.tgz",
      "integrity": "sha512-j0HDWml30CrgZoNtIjUmnun3kaRT31bAn/L3xE1giq7C0ic3JyRCNPCt+XUXySjVHcUwoLotk0SPa14mvJ4aTg==",
      "cpu": [
        "x64"
      ],
      "dev": true,
      "license": "MPL-2.0",
      "optional": true,
      "os": [
        "linux"
      ],
      "engines": {
        "node": ">= 12.0.0"
      },
      "funding": {
        "type": "opencollective",
        "url": "https://opencollective.com/parcel"
      }
    },
    "node_modules/lightningcss-cli-win32-arm64-msvc": {
      "version": "1.31.1",
      "resolved": "https://registry.npmjs.org/lightningcss-cli-win32-arm64-msvc/-/lightningcss-cli-win32-arm64-msvc-1.31.1.tgz",
      "integrity": "sha512-JPCfe3mAt666yHvPnFlmxKSgOy9qHagi8idWTIvEY8NAfAc833lrtPbTc7exfyz5IPQS3oALjt2qaRw911EApg==",
      "cpu": [
        "arm64"
      ],
      "dev": true,
      "license": "MPL-2.0",
      "optional": true,
      "os": [
        "win32"
      ],
      "engines": {
        "node": ">= 12.0.0"
      },
      "funding": {
        "type": "opencollective",
        "url": "https://opencollective.com/parcel"
      }
    },
    "node_modules/lightningcss-cli-win32-x64-msvc": {
      "version": "1.31.1",
      "resolved": "https://registry.npmjs.org/lightningcss-cli-win32-x64-msvc/-/lightningcss-cli-win32-x64-msvc-1.31.1.tgz",
      "integrity": "sha512-BQ80Jy/sadx/Gj0esQrtDPnL5UwXQuk/gEmh75j6aN8+VvNOSo3Mwc17O8d2+mNuQSorwgxUXXaEmGeTVYBlxQ==",
      "cpu": [
        "x64"
      ],
      "dev": true,
      "license": "MPL-2.0",
      "optional": true,
      "os": [
        "win32"
      ],
      "engines": {
        "node": ">= 12.0.0"
      },
      "funding": {
        "type": "opencollective",
        "url": "https://opencollective.com/parcel"
      }
    }
  }
}
